
Microsoft Visual Studio Solution File, Format Version 12.00
# Visual Studio Version 16
VisualStudioVersion = 16.0.29519.87
MinimumVisualStudioVersion = 10.0.40219.1
Project("{9A19103F-16F7-4668-BE54-9A1E7A4F7556}") = "database-final-project", "database-final-project.csproj", "{C9B4DF31-A6D0-44FA-908E-232C295D7EEF}"
EndProject
Global
	GlobalSection(SolutionConfigurationPlatforms) = preSolution
		Debug|Any CPU = Debug|Any CPU
		Release|Any CPU = Release|Any CPU
	EndGlobalSection
	GlobalSection(ProjectConfigurationPlatforms) = postSolution
		{C9B4DF31-A6D0-44FA-908E-232C295D7EEF}.Debug|Any CPU.ActiveCfg = Debug|Any CPU
		{C9B4DF31-A6D0-44FA-908E-232C295D7EEF}.Debug|Any CPU.Build.0 = Debug|Any CPU
		{C9B4DF31-A6D0-44FA-908E-232C295D7EEF}.Release|Any CPU.ActiveCfg = Release|Any CPU
		{C9B4DF31-A6D0-44FA-908E-232C295D7EEF}.Release|Any CPU.Build.0 = Release|Any CPU
	EndGlobalSection
	GlobalSection(SolutionProperties) = preSolution
		HideSolutionNode = FALSE
	EndGlobalSection
	GlobalSection(ExtensibilityGlobals) = postSolution
		SolutionGuid = {0AA16AD9-5FFF-44AA-B748-E1F8485BA6D6}
	EndGlobalSection
EndGlobal
